
Microsoft Visual Studio Solution File, Format Version 12.00
# Visual Studio 15
VisualStudioVersion = 15.0.27004.2006
MinimumVisualStudioVersion = 10.0.40219.1
Project("{FAE04EC0-301F-11D3-BF4B-00C04F79EFBC}") = "Banco", "Banco\Banco.csproj", "{08BF1C98-D498-4EEA-B520-D833DE4231DF}"
EndProject
Global
	GlobalSection(SolutionConfigurationPlatforms) = preSolution
		Debug|Any CPU = Debug|Any CPU
		Release|Any CPU = Release|Any CPU
	EndGlobalSection
	GlobalSection(ProjectConfigurationPlatforms) = postSolution
		{08BF1C98-D498-4EEA-B520-D833DE4231DF}.Debug|Any CPU.ActiveCfg = Debug|Any CPU
		{08BF1C98-D498-4EEA-B520-D833DE4231DF}.Debug|Any CPU.Build.0 = Debug|Any CPU
		{08BF1C98-D498-4EEA-B520-D833DE4231DF}.Release|Any CPU.ActiveCfg = Release|Any CPU
		{08BF1C98-D498-4EEA-B520-D833DE4231DF}.Release|Any CPU.Build.0 = Release|Any CPU
	EndGlobalSection
	GlobalSection(SolutionProperties) = preSolution
		HideSolutionNode = FALSE
	EndGlobalSection
	GlobalSection(ExtensibilityGlobals) = postSolution
		SolutionGuid = {56EFAC52-A67B-4B03-A50B-02D1B3DC554D}
	EndGlobalSection
EndGlobal
